
Microsoft Visual Studio Solution File, Format Version 12.00
# Visual Studio 15
VisualStudioVersion = 15.0.28307.438
MinimumVisualStudioVersion = 10.0.40219.1
Project("{888888A0-9F3D-457C-B088-3A5042F75D52}") = "Here", "Here.pyproj", "{5062A0F7-11A5-485B-B704-A59EE020FBCD}"
EndProject
Global
	GlobalSection(SolutionConfigurationPlatforms) = preSolution
		Debug|Any CPU = Debug|Any CPU
		Release|Any CPU = Release|Any CPU
	EndGlobalSection
	GlobalSection(ProjectConfigurationPlatforms) = postSolution
		{5062A0F7-11A5-485B-B704-A59EE020FBCD}.Debug|Any CPU.ActiveCfg = Debug|Any CPU
		{5062A0F7-11A5-485B-B704-A59EE020FBCD}.Release|Any CPU.ActiveCfg = Release|Any CPU
	EndGlobalSection
	GlobalSection(SolutionProperties) = preSolution
		HideSolutionNode = FALSE
	EndGlobalSection
	GlobalSection(ExtensibilityGlobals) = postSolution
		SolutionGuid = {DB5A7BA3-A1E3-44F4-9354-CAA9499D3F6C}
	EndGlobalSection
EndGlobal
