
Microsoft Visual Studio Solution File, Format Version 12.00
# Visual Studio 15
VisualStudioVersion = 15.0.28307.438
MinimumVisualStudioVersion = 10.0.40219.1
Project("{888888A0-9F3D-457C-B088-3A5042F75D52}") = "Drivers", "Drivers.pyproj", "{5D5F9CDD-2354-46B4-954E-FE0E62D2E44A}"
EndProject
Global
	GlobalSection(SolutionConfigurationPlatforms) = preSolution
		Debug|Any CPU = Debug|Any CPU
		Release|Any CPU = Release|Any CPU
	EndGlobalSection
	GlobalSection(ProjectConfigurationPlatforms) = postSolution
		{5D5F9CDD-2354-46B4-954E-FE0E62D2E44A}.Debug|Any CPU.ActiveCfg = Debug|Any CPU
		{5D5F9CDD-2354-46B4-954E-FE0E62D2E44A}.Release|Any CPU.ActiveCfg = Release|Any CPU
	EndGlobalSection
	GlobalSection(SolutionProperties) = preSolution
		HideSolutionNode = FALSE
	EndGlobalSection
	GlobalSection(ExtensibilityGlobals) = postSolution
		SolutionGuid = {1A9D3024-C75F-4DD6-AABC-9FFCD9A01599}
	EndGlobalSection
EndGlobal
